
Microsoft Visual Studio Solution File, Format Version 12.00
# Visual Studio 15
VisualStudioVersion = 15.0.27428.2027
MinimumVisualStudioVersion = 10.0.40219.1
Project("{FAE04EC0-301F-11D3-BF4B-00C04F79EFBC}") = "ParallelProgramming.Android", "ParallelProgramming\ParallelProgramming.Android\ParallelProgramming.Android.csproj", "{6490902A-BB56-4BA4-9472-952536FDD181}"
EndProject
Project("{FAE04EC0-301F-11D3-BF4B-00C04F79EFBC}") = "ParallelProgramming.UWP", "ParallelProgramming\ParallelProgramming.UWP\ParallelProgramming.UWP.csproj", "{25A1FDB9-D1A1-41F5-99E6-6AA96E9E8DF3}"
EndProject
Project("{FAE04EC0-301F-11D3-BF4B-00C04F79EFBC}") = "ParallelProgramming", "ParallelProgramming\ParallelProgramming\ParallelProgramming.csproj", "{9184971B-2D9F-42D0-A659-7F2F78E93F25}"
EndProject
Global
	GlobalSection(SolutionConfigurationPlatforms) = preSolution
		Debug|Any CPU = Debug|Any CPU
		Debug|ARM = Debug|ARM
		Debug|x64 = Debug|x64
		Debug|x86 = Debug|x86
		Release|Any CPU = Release|Any CPU
		Release|ARM = Release|ARM
		Release|x64 = Release|x64
		Release|x86 = Release|x86
	EndGlobalSection
	GlobalSection(ProjectConfigurationPlatforms) = postSolution
		{6490902A-BB56-4BA4-9472-952536FDD181}.Debug|Any CPU.ActiveCfg = Debug|Any CPU
		{6490902A-BB56-4BA4-9472-952536FDD181}.Debug|Any CPU.Build.0 = Debug|Any CPU
		{6490902A-BB56-4BA4-9472-952536FDD181}.Debug|Any CPU.Deploy.0 = Debug|Any CPU
		{6490902A-BB56-4BA4-9472-952536FDD181}.Debug|ARM.ActiveCfg = Debug|Any CPU
		{6490902A-BB56-4BA4-9472-952536FDD181}.Debug|ARM.Build.0 = Debug|Any CPU
		{6490902A-BB56-4BA4-9472-952536FDD181}.Debug|ARM.Deploy.0 = Debug|Any CPU
		{6490902A-BB56-4BA4-9472-952536FDD181}.Debug|x64.ActiveCfg = Debug|Any CPU
		{6490902A-BB56-4BA4-9472-952536FDD181}.Debug|x64.Build.0 = Debug|Any CPU
		{6490902A-BB56-4BA4-9472-952536FDD181}.Debug|x64.Deploy.0 = Debug|Any CPU
		{6490902A-BB56-4BA4-9472-952536FDD181}.Debug|x86.ActiveCfg = Debug|Any CPU
		{6490902A-BB56-4BA4-9472-952536FDD181}.Debug|x86.Build.0 = Debug|Any CPU
		{6490902A-BB56-4BA4-9472-952536FDD181}.Debug|x86.Deploy.0 = Debug|Any CPU
		{6490902A-BB56-4BA4-9472-952536FDD181}.Release|Any CPU.ActiveCfg = Release|Any CPU
		{6490902A-BB56-4BA4-9472-952536FDD181}.Release|Any CPU.Build.0 = Release|Any CPU
		{6490902A-BB56-4BA4-9472-952536FDD181}.Release|Any CPU.Deploy.0 = Release|Any CPU
		{6490902A-BB56-4BA4-9472-952536FDD181}.Release|ARM.ActiveCfg = Release|Any CPU
		{6490902A-BB56-4BA4-9472-952536FDD181}.Release|ARM.Build.0 = Release|Any CPU
		{6490902A-BB56-4BA4-9472-952536FDD181}.Release|ARM.Deploy.0 = Release|Any CPU
		{6490902A-BB56-4BA4-9472-952536FDD181}.Release|x64.ActiveCfg = Release|Any CPU
		{6490902A-BB56-4BA4-9472-952536FDD181}.Release|x64.Build.0 = Release|Any CPU
		{6490902A-BB56-4BA4-9472-952536FDD181}.Release|x64.Deploy.0 = Release|Any CPU
		{6490902A-BB56-4BA4-9472-952536FDD181}.Release|x86.ActiveCfg = Release|Any CPU
		{6490902A-BB56-4BA4-9472-952536FDD181}.Release|x86.Build.0 = Release|Any CPU
		{6490902A-BB56-4BA4-9472-952536FDD181}.Release|x86.Deploy.0 = Release|Any CPU
		{25A1FDB9-D1A1-41F5-99E6-6AA96E9E8DF3}.Debug|Any CPU.ActiveCfg = Debug|x86
		{25A1FDB9-D1A1-41F5-99E6-6AA96E9E8DF3}.Debug|ARM.ActiveCfg = Debug|ARM
		{25A1FDB9-D1A1-41F5-99E6-6AA96E9E8DF3}.Debug|ARM.Build.0 = Debug|ARM
		{25A1FDB9-D1A1-41F5-99E6-6AA96E9E8DF3}.Debug|ARM.Deploy.0 = Debug|ARM
		{25A1FDB9-D1A1-41F5-99E6-6AA96E9E8DF3}.Debug|x64.ActiveCfg = Debug|x64
		{25A1FDB9-D1A1-41F5-99E6-6AA96E9E8DF3}.Debug|x64.Build.0 = Debug|x64
		{25A1FDB9-D1A1-41F5-99E6-6AA96E9E8DF3}.Debug|x64.Deploy.0 = Debug|x64
		{25A1FDB9-D1A1-41F5-99E6-6AA96E9E8DF3}.Debug|x86.ActiveCfg = Debug|x86
		{25A1FDB9-D1A1-41F5-99E6-6AA96E9E8DF3}.Debug|x86.Build.0 = Debug|x86
		{25A1FDB9-D1A1-41F5-99E6-6AA96E9E8DF3}.Debug|x86.Deploy.0 = Debug|x86
		{25A1FDB9-D1A1-41F5-99E6-6AA96E9E8DF3}.Release|Any CPU.ActiveCfg = Release|x86
		{25A1FDB9-D1A1-41F5-99E6-6AA96E9E8DF3}.Release|ARM.ActiveCfg = Release|ARM
		{25A1FDB9-D1A1-41F5-99E6-6AA96E9E8DF3}.Release|ARM.Build.0 = Release|ARM
		{25A1FDB9-D1A1-41F5-99E6-6AA96E9E8DF3}.Release|ARM.Deploy.0 = Release|ARM
		{25A1FDB9-D1A1-41F5-99E6-6AA96E9E8DF3}.Release|x64.ActiveCfg = Release|x64
		{25A1FDB9-D1A1-41F5-99E6-6AA96E9E8DF3}.Release|x64.Build.0 = Release|x64
		{25A1FDB9-D1A1-41F5-99E6-6AA96E9E8DF3}.Release|x64.Deploy.0 = Release|x64
		{25A1FDB9-D1A1-41F5-99E6-6AA96E9E8DF3}.Release|x86.ActiveCfg = Release|x86
		{25A1FDB9-D1A1-41F5-99E6-6AA96E9E8DF3}.Release|x86.Build.0 = Release|x86
		{25A1FDB9-D1A1-41F5-99E6-6AA96E9E8DF3}.Release|x86.Deploy.0 = Release|x86
		{9184971B-2D9F-42D0-A659-7F2F78E93F25}.Debug|Any CPU.ActiveCfg = Debug|Any CPU
		{9184971B-2D9F-42D0-A659-7F2F78E93F25}.Debug|Any CPU.Build.0 = Debug|Any CPU
		{9184971B-2D9F-42D0-A659-7F2F78E93F25}.Debug|ARM.ActiveCfg = Debug|Any CPU
		{9184971B-2D9F-42D0-A659-7F2F78E93F25}.Debug|ARM.Build.0 = Debug|Any CPU
		{9184971B-2D9F-42D0-A659-7F2F78E93F25}.Debug|x64.ActiveCfg = Debug|Any CPU
		{9184971B-2D9F-42D0-A659-7F2F78E93F25}.Debug|x64.Build.0 = Debug|Any CPU
		{9184971B-2D9F-42D0-A659-7F2F78E93F25}.Debug|x86.ActiveCfg = Debug|Any CPU
		{9184971B-2D9F-42D0-A659-7F2F78E93F25}.Debug|x86.Build.0 = Debug|Any CPU
		{9184971B-2D9F-42D0-A659-7F2F78E93F25}.Release|Any CPU.ActiveCfg = Release|Any CPU
		{9184971B-2D9F-42D0-A659-7F2F78E93F25}.Release|Any CPU.Build.0 = Release|Any CPU
		{9184971B-2D9F-42D0-A659-7F2F78E93F25}.Release|ARM.ActiveCfg = Release|Any CPU
		{9184971B-2D9F-42D0-A659-7F2F78E93F25}.Release|ARM.Build.0 = Release|Any CPU
		{9184971B-2D9F-42D0-A659-7F2F78E93F25}.Release|x64.ActiveCfg = Release|Any CPU
		{9184971B-2D9F-42D0-A659-7F2F78E93F25}.Release|x64.Build.0 = Release|Any CPU
		{9184971B-2D9F-42D0-A659-7F2F78E93F25}.Release|x86.ActiveCfg = Release|Any CPU
		{9184971B-2D9F-42D0-A659-7F2F78E93F25}.Release|x86.Build.0 = Release|Any CPU
	EndGlobalSection
	GlobalSection(SolutionProperties) = preSolution
		HideSolutionNode = FALSE
	EndGlobalSection
	GlobalSection(ExtensibilityGlobals) = postSolution
		SolutionGuid = {8507422F-EC18-474B-A088-3546F62BD43C}
	EndGlobalSection
EndGlobal
